
Microsoft Visual Studio Solution File, Format Version 12.00
# Visual Studio Version 17
VisualStudioVersion = 17.11.35312.102
MinimumVisualStudioVersion = 10.0.40219.1
Project("{9A19103F-16F7-4668-BE54-9A1E7A4F7556}") = "School-Student CSharp 2025", "School-Student CSharp 2025\School-Student CSharp 2025.csproj", "{7A1458ED-ADC0-4806-80D9-E66511849466}"
EndProject
Project("{9A19103F-16F7-4668-BE54-9A1E7A4F7556}") = "Other Project", "Other Project\Other Project.csproj", "{8695CC98-AEEC-42EB-85DA-BC86D20FBD19}"
EndProject
Project("{9A19103F-16F7-4668-BE54-9A1E7A4F7556}") = "Car with props", "Car with props\Car with props.csproj", "{77A59AD4-A614-4FA8-865D-4FDF7ED16DE8}"
EndProject
Project("{9A19103F-16F7-4668-BE54-9A1E7A4F7556}") = "Methods (ref, out)", "Methods (ref, out)\Methods (ref, out).csproj", "{8EE3F51D-B402-4B13-929C-74656CE23522}"
EndProject
Project("{9A19103F-16F7-4668-BE54-9A1E7A4F7556}") = "Static demo", "Static demo\Static demo.csproj", "{F07B91EB-C011-41A9-A692-0BCC8C66E13D}"
EndProject
Project("{9A19103F-16F7-4668-BE54-9A1E7A4F7556}") = "Exception demo", "Exception demo\Exception demo.csproj", "{478FFAD7-F687-438D-AEAA-5E870EADB16B}"
EndProject
Project("{9A19103F-16F7-4668-BE54-9A1E7A4F7556}") = "Enum demo", "Enum demo\Enum demo.csproj", "{742AA2A8-3B1B-48D0-801C-FE9D1822593A}"
EndProject
Project("{9A19103F-16F7-4668-BE54-9A1E7A4F7556}") = "Struct demo", "Struct demo\Struct demo.csproj", "{84325F09-F0A4-4284-AC40-1AB27524E743}"
EndProject
Project("{9A19103F-16F7-4668-BE54-9A1E7A4F7556}") = "Check homes", "Check homes\Check homes.csproj", "{D23E037B-4EFD-40B7-9122-E71DB2CCDBB7}"
EndProject
Project("{9A19103F-16F7-4668-BE54-9A1E7A4F7556}") = "Null operations", "Null operations\Null operations.csproj", "{B1CEF5C5-4FCA-469C-95DA-7521E0AD0C21}"
EndProject
Project("{9A19103F-16F7-4668-BE54-9A1E7A4F7556}") = "Operators overloading", "Operators overloading\Operators overloading.csproj", "{565A1B3A-C655-4DF3-9DC1-C03DB9453B9D}"
EndProject
Project("{9A19103F-16F7-4668-BE54-9A1E7A4F7556}") = "Overloading  operators (Point)", "Overloading  operators (Point)\Overloading  operators (Point).csproj", "{26E5AF65-8D07-4C9A-BD62-83AEE090EFFF}"
EndProject
Project("{9A19103F-16F7-4668-BE54-9A1E7A4F7556}") = "Indexators", "Indexators\Indexators.csproj", "{B7CED3B0-0D6E-4C34-81ED-AF02100E8902}"
EndProject
Project("{9A19103F-16F7-4668-BE54-9A1E7A4F7556}") = "Inheritance", "Inheritance\Inheritance.csproj", "{1CF45D7F-01E9-490E-8CB1-4191A4689359}"
EndProject
Project("{9A19103F-16F7-4668-BE54-9A1E7A4F7556}") = "Abstract class", "Abstract class\Abstract class.csproj", "{2DFD1B1F-638E-4EE5-AAA1-4F672F544A5C}"
EndProject
Project("{9A19103F-16F7-4668-BE54-9A1E7A4F7556}") = "Interfaces", "Interfaces\Interfaces.csproj", "{FFAA3EE9-2B98-403E-9E08-49FC3E111CE4}"
EndProject
Project("{2150E333-8FDC-42A3-9474-1A3956D46DE8}") = "Delegates", "Delegates", "{752AA263-813F-4BFA-9092-D5B70F25850B}"
EndProject
Project("{2150E333-8FDC-42A3-9474-1A3956D46DE8}") = "Inheritance", "Inheritance", "{9743007B-ED4B-439A-8540-6D0B01F6BC89}"
EndProject
Project("{2150E333-8FDC-42A3-9474-1A3956D46DE8}") = "Intro", "Intro", "{3978AE9D-3A00-4EDE-882E-6F09381177A5}"
EndProject
Project("{9A19103F-16F7-4668-BE54-9A1E7A4F7556}") = "01 -Delegates", "01 -Delegates\01 -Delegates.csproj", "{FF3A5978-BE49-45C4-8BB0-08626E68A7C9}"
EndProject
Project("{9A19103F-16F7-4668-BE54-9A1E7A4F7556}") = "02-Delegate as params", "02_Delegate as params\02-Delegate as params.csproj", "{6D0BB870-EBB9-4158-9846-FBEA0997B181}"
EndProject
Project("{9A19103F-16F7-4668-BE54-9A1E7A4F7556}") = "03-Std delegates", "Delegates\03-Std delegates.csproj", "{5D10BF55-E320-4A0A-B428-92ABA75B1B21}"
EndProject
Project("{9A19103F-16F7-4668-BE54-9A1E7A4F7556}") = "Test", "Test\Test.csproj", "{248AA3E8-200D-463E-A206-D4667D0CD21B}"
EndProject
Project("{9A19103F-16F7-4668-BE54-9A1E7A4F7556}") = "Events", "Events (Shop)\Events.csproj", "{5E081E9E-DCA3-4E54-ADB1-3FF55CFD75FA}"
EndProject
Project("{9A19103F-16F7-4668-BE54-9A1E7A4F7556}") = "Lambda function", "Lambda function\Lambda function.csproj", "{F26EF7DB-23D9-4CC1-9EF3-00CF38DBE393}"
EndProject
Project("{9A19103F-16F7-4668-BE54-9A1E7A4F7556}") = "Event Handler", "Event Handler\Event Handler.csproj", "{B55B2935-9AAD-4450-8F9F-C057D39C3FF0}"
EndProject
Project("{9A19103F-16F7-4668-BE54-9A1E7A4F7556}") = "EventHandler with Args", "EventHandler with Args\EventHandler with Args.csproj", "{8FDC9D21-DF5E-47DE-89F2-17336BD7C048}"
EndProject
Project("{9A19103F-16F7-4668-BE54-9A1E7A4F7556}") = "Records demo", "Records demo\Records demo.csproj", "{8620ED6F-F970-40F7-9FD8-620B4179F680}"
EndProject
Project("{2150E333-8FDC-42A3-9474-1A3956D46DE8}") = "Events_", "Events_", "{E3F5C902-B4AD-47EE-B27C-AE71C442C613}"
EndProject
Project("{9A19103F-16F7-4668-BE54-9A1E7A4F7556}") = "Ext methods", "Ext methods\Ext methods.csproj", "{85770988-F7AE-4812-A845-EB69EE3ECB56}"
EndProject
Project("{2150E333-8FDC-42A3-9474-1A3956D46DE8}") = "Ext Records Generics", "Ext Records Generics", "{FB1AC555-4FDA-4E08-B94C-74671ED90402}"
EndProject
Project("{9A19103F-16F7-4668-BE54-9A1E7A4F7556}") = "Generic methods", "Generic methods\Generic methods.csproj", "{443F8B04-AD40-46BB-9748-AF4EED74D042}"
EndProject
Project("{9A19103F-16F7-4668-BE54-9A1E7A4F7556}") = "Generic class", "Generic class\Generic class.csproj", "{AEF7D836-D93B-423D-BC48-C77C2A174A76}"
EndProject
Project("{2150E333-8FDC-42A3-9474-1A3956D46DE8}") = "Garbage Collector", "Garbage Collector", "{53320BC8-558B-4B88-B349-7C2E53DCAB44}"
EndProject
Project("{9A19103F-16F7-4668-BE54-9A1E7A4F7556}") = "GC demo", "GC demo\GC demo.csproj", "{A61032EA-3EEE-4445-B599-F7D2871BC43F}"
EndProject
Project("{9A19103F-16F7-4668-BE54-9A1E7A4F7556}") = "02 Disposable", "02 Disposable\02 Disposable.csproj", "{5E726746-4653-42A2-BA23-01578016C01F}"
EndProject
Project("{FAE04EC0-301F-11D3-BF4B-00C04F79EFBC}") = "02 Disposable (net framework)", "02 Disposable (net framework)\02 Disposable (net framework).csproj", "{030328EF-0D39-4A3B-82EB-41CC41BEE1E6}"
EndProject
Project("{FAE04EC0-301F-11D3-BF4B-00C04F79EFBC}") = "03 Disposable", "03 Disposable\03 Disposable.csproj", "{1714A8A4-161F-4DD1-8838-CE2DF7C38255}"
EndProject
Project("{2150E333-8FDC-42A3-9474-1A3956D46DE8}") = "Std collections", "Std collections", "{CCE004D3-7FAF-4595-82CA-54743510D1FC}"
EndProject
Project("{9A19103F-16F7-4668-BE54-9A1E7A4F7556}") = "SortedList demo", "SortedList demo\SortedList demo.csproj", "{E2C549A2-992C-4FA1-9211-30BFC6C7C357}"
EndProject
Project("{9A19103F-16F7-4668-BE54-9A1E7A4F7556}") = "Dictionary and SortedDictionary", "Dictionary and SortedDictionary\Dictionary and SortedDictionary.csproj", "{1C005168-F71A-4CB0-8A54-006037309EB1}"
EndProject
Project("{9A19103F-16F7-4668-BE54-9A1E7A4F7556}") = "ArrayList and List", "ArrayList and List\ArrayList and List.csproj", "{B5D26E99-4C94-477E-8FA4-D1FBCFA12BF3}"
EndProject
Project("{9A19103F-16F7-4668-BE54-9A1E7A4F7556}") = "StreamWriter Reader", "StreamWriter Reader\StreamWriter Reader.csproj", "{4C0C147E-E3C1-44E3-B3E2-9FB3CDB4753D}"
EndProject
Project("{2150E333-8FDC-42A3-9474-1A3956D46DE8}") = "Files", "Files", "{BD6E73FE-CCDC-45E7-905D-AAC148103DEE}"
EndProject
Project("{9A19103F-16F7-4668-BE54-9A1E7A4F7556}") = "BinaryWriter- Reader", "BinaryWriter- Reader\BinaryWriter- Reader.csproj", "{628FA257-D40F-4F62-BE5E-55076BD8D720}"
EndProject
Project("{9A19103F-16F7-4668-BE54-9A1E7A4F7556}") = "class File and FileInfo", "class File and FileInfo\class File and FileInfo.csproj", "{ADFF44D7-D57B-4442-A984-07104922B4D3}"
EndProject
Project("{9A19103F-16F7-4668-BE54-9A1E7A4F7556}") = "Directory DirectortoryInfo", "Directory DirectortoryInfo\Directory DirectortoryInfo.csproj", "{09DA1663-1D4D-4B1C-82E9-0D3DE4897682}"
EndProject
Project("{9A19103F-16F7-4668-BE54-9A1E7A4F7556}") = "Serialization demo", "Serialization demo\Serialization demo.csproj", "{174B67AF-9C0D-4CB1-8814-1210DB79D588}"
EndProject
Project("{9A19103F-16F7-4668-BE54-9A1E7A4F7556}") = "Regex demo", "Regex demo\Regex demo.csproj", "{164C432D-4185-4616-9D35-485AB590B608}"
EndProject
Project("{FAE04EC0-301F-11D3-BF4B-00C04F79EFBC}") = "Linq to objects", "Linq to objects\Linq to objects.csproj", "{02EEA4A1-301E-4067-A700-4F52F47EB916}"
EndProject
Global
	GlobalSection(SolutionConfigurationPlatforms) = preSolution
		Debug|Any CPU = Debug|Any CPU
		Release|Any CPU = Release|Any CPU
	EndGlobalSection
	GlobalSection(ProjectConfigurationPlatforms) = postSolution
		{7A1458ED-ADC0-4806-80D9-E66511849466}.Debug|Any CPU.ActiveCfg = Debug|Any CPU
		{7A1458ED-ADC0-4806-80D9-E66511849466}.Debug|Any CPU.Build.0 = Debug|Any CPU
		{7A1458ED-ADC0-4806-80D9-E66511849466}.Release|Any CPU.ActiveCfg = Release|Any CPU
		{7A1458ED-ADC0-4806-80D9-E66511849466}.Release|Any CPU.Build.0 = Release|Any CPU
		{8695CC98-AEEC-42EB-85DA-BC86D20FBD19}.Debug|Any CPU.ActiveCfg = Debug|Any CPU
		{8695CC98-AEEC-42EB-85DA-BC86D20FBD19}.Debug|Any CPU.Build.0 = Debug|Any CPU
		{8695CC98-AEEC-42EB-85DA-BC86D20FBD19}.Release|Any CPU.ActiveCfg = Release|Any CPU
		{8695CC98-AEEC-42EB-85DA-BC86D20FBD19}.Release|Any CPU.Build.0 = Release|Any CPU
		{77A59AD4-A614-4FA8-865D-4FDF7ED16DE8}.Debug|Any CPU.ActiveCfg = Debug|Any CPU
		{77A59AD4-A614-4FA8-865D-4FDF7ED16DE8}.Debug|Any CPU.Build.0 = Debug|Any CPU
		{77A59AD4-A614-4FA8-865D-4FDF7ED16DE8}.Release|Any CPU.ActiveCfg = Release|Any CPU
		{77A59AD4-A614-4FA8-865D-4FDF7ED16DE8}.Release|Any CPU.Build.0 = Release|Any CPU
		{8EE3F51D-B402-4B13-929C-74656CE23522}.Debug|Any CPU.ActiveCfg = Debug|Any CPU
		{8EE3F51D-B402-4B13-929C-74656CE23522}.Debug|Any CPU.Build.0 = Debug|Any CPU
		{8EE3F51D-B402-4B13-929C-74656CE23522}.Release|Any CPU.ActiveCfg = Release|Any CPU
		{8EE3F51D-B402-4B13-929C-74656CE23522}.Release|Any CPU.Build.0 = Release|Any CPU
		{F07B91EB-C011-41A9-A692-0BCC8C66E13D}.Debug|Any CPU.ActiveCfg = Debug|Any CPU
		{F07B91EB-C011-41A9-A692-0BCC8C66E13D}.Debug|Any CPU.Build.0 = Debug|Any CPU
		{F07B91EB-C011-41A9-A692-0BCC8C66E13D}.Release|Any CPU.ActiveCfg = Release|Any CPU
		{F07B91EB-C011-41A9-A692-0BCC8C66E13D}.Release|Any CPU.Build.0 = Release|Any CPU
		{478FFAD7-F687-438D-AEAA-5E870EADB16B}.Debug|Any CPU.ActiveCfg = Debug|Any CPU
		{478FFAD7-F687-438D-AEAA-5E870EADB16B}.Debug|Any CPU.Build.0 = Debug|Any CPU
		{478FFAD7-F687-438D-AEAA-5E870EADB16B}.Release|Any CPU.ActiveCfg = Release|Any CPU
		{478FFAD7-F687-438D-AEAA-5E870EADB16B}.Release|Any CPU.Build.0 = Release|Any CPU
		{742AA2A8-3B1B-48D0-801C-FE9D1822593A}.Debug|Any CPU.ActiveCfg = Debug|Any CPU
		{742AA2A8-3B1B-48D0-801C-FE9D1822593A}.Debug|Any CPU.Build.0 = Debug|Any CPU
		{742AA2A8-3B1B-48D0-801C-FE9D1822593A}.Release|Any CPU.ActiveCfg = Release|Any CPU
		{742AA2A8-3B1B-48D0-801C-FE9D1822593A}.Release|Any CPU.Build.0 = Release|Any CPU
		{84325F09-F0A4-4284-AC40-1AB27524E743}.Debug|Any CPU.ActiveCfg = Debug|Any CPU
		{84325F09-F0A4-4284-AC40-1AB27524E743}.Debug|Any CPU.Build.0 = Debug|Any CPU
		{84325F09-F0A4-4284-AC40-1AB27524E743}.Release|Any CPU.ActiveCfg = Release|Any CPU
		{84325F09-F0A4-4284-AC40-1AB27524E743}.Release|Any CPU.Build.0 = Release|Any CPU
		{D23E037B-4EFD-40B7-9122-E71DB2CCDBB7}.Debug|Any CPU.ActiveCfg = Debug|Any CPU
		{D23E037B-4EFD-40B7-9122-E71DB2CCDBB7}.Debug|Any CPU.Build.0 = Debug|Any CPU
		{D23E037B-4EFD-40B7-9122-E71DB2CCDBB7}.Release|Any CPU.ActiveCfg = Release|Any CPU
		{D23E037B-4EFD-40B7-9122-E71DB2CCDBB7}.Release|Any CPU.Build.0 = Release|Any CPU
		{B1CEF5C5-4FCA-469C-95DA-7521E0AD0C21}.Debug|Any CPU.ActiveCfg = Debug|Any CPU
		{B1CEF5C5-4FCA-469C-95DA-7521E0AD0C21}.Debug|Any CPU.Build.0 = Debug|Any CPU
		{B1CEF5C5-4FCA-469C-95DA-7521E0AD0C21}.Release|Any CPU.ActiveCfg = Release|Any CPU
		{B1CEF5C5-4FCA-469C-95DA-7521E0AD0C21}.Release|Any CPU.Build.0 = Release|Any CPU
		{565A1B3A-C655-4DF3-9DC1-C03DB9453B9D}.Debug|Any CPU.ActiveCfg = Debug|Any CPU
		{565A1B3A-C655-4DF3-9DC1-C03DB9453B9D}.Debug|Any CPU.Build.0 = Debug|Any CPU
		{565A1B3A-C655-4DF3-9DC1-C03DB9453B9D}.Release|Any CPU.ActiveCfg = Release|Any CPU
		{565A1B3A-C655-4DF3-9DC1-C03DB9453B9D}.Release|Any CPU.Build.0 = Release|Any CPU
		{26E5AF65-8D07-4C9A-BD62-83AEE090EFFF}.Debug|Any CPU.ActiveCfg = Debug|Any CPU
		{26E5AF65-8D07-4C9A-BD62-83AEE090EFFF}.Debug|Any CPU.Build.0 = Debug|Any CPU
		{26E5AF65-8D07-4C9A-BD62-83AEE090EFFF}.Release|Any CPU.ActiveCfg = Release|Any CPU
		{26E5AF65-8D07-4C9A-BD62-83AEE090EFFF}.Release|Any CPU.Build.0 = Release|Any CPU
		{B7CED3B0-0D6E-4C34-81ED-AF02100E8902}.Debug|Any CPU.ActiveCfg = Debug|Any CPU
		{B7CED3B0-0D6E-4C34-81ED-AF02100E8902}.Debug|Any CPU.Build.0 = Debug|Any CPU
		{B7CED3B0-0D6E-4C34-81ED-AF02100E8902}.Release|Any CPU.ActiveCfg = Release|Any CPU
		{B7CED3B0-0D6E-4C34-81ED-AF02100E8902}.Release|Any CPU.Build.0 = Release|Any CPU
		{1CF45D7F-01E9-490E-8CB1-4191A4689359}.Debug|Any CPU.ActiveCfg = Debug|Any CPU
		{1CF45D7F-01E9-490E-8CB1-4191A4689359}.Debug|Any CPU.Build.0 = Debug|Any CPU
		{1CF45D7F-01E9-490E-8CB1-4191A4689359}.Release|Any CPU.ActiveCfg = Release|Any CPU
		{1CF45D7F-01E9-490E-8CB1-4191A4689359}.Release|Any CPU.Build.0 = Release|Any CPU
		{2DFD1B1F-638E-4EE5-AAA1-4F672F544A5C}.Debug|Any CPU.ActiveCfg = Debug|Any CPU
		{2DFD1B1F-638E-4EE5-AAA1-4F672F544A5C}.Debug|Any CPU.Build.0 = Debug|Any CPU
		{2DFD1B1F-638E-4EE5-AAA1-4F672F544A5C}.Release|Any CPU.ActiveCfg = Release|Any CPU
		{2DFD1B1F-638E-4EE5-AAA1-4F672F544A5C}.Release|Any CPU.Build.0 = Release|Any CPU
		{FFAA3EE9-2B98-403E-9E08-49FC3E111CE4}.Debug|Any CPU.ActiveCfg = Debug|Any CPU
		{FFAA3EE9-2B98-403E-9E08-49FC3E111CE4}.Debug|Any CPU.Build.0 = Debug|Any CPU
		{FFAA3EE9-2B98-403E-9E08-49FC3E111CE4}.Release|Any CPU.ActiveCfg = Release|Any CPU
		{FFAA3EE9-2B98-403E-9E08-49FC3E111CE4}.Release|Any CPU.Build.0 = Release|Any CPU
		{FF3A5978-BE49-45C4-8BB0-08626E68A7C9}.Debug|Any CPU.ActiveCfg = Debug|Any CPU
		{FF3A5978-BE49-45C4-8BB0-08626E68A7C9}.Debug|Any CPU.Build.0 = Debug|Any CPU
		{FF3A5978-BE49-45C4-8BB0-08626E68A7C9}.Release|Any CPU.ActiveCfg = Release|Any CPU
		{FF3A5978-BE49-45C4-8BB0-08626E68A7C9}.Release|Any CPU.Build.0 = Release|Any CPU
		{6D0BB870-EBB9-4158-9846-FBEA0997B181}.Debug|Any CPU.ActiveCfg = Debug|Any CPU
		{6D0BB870-EBB9-4158-9846-FBEA0997B181}.Debug|Any CPU.Build.0 = Debug|Any CPU
		{6D0BB870-EBB9-4158-9846-FBEA0997B181}.Release|Any CPU.ActiveCfg = Release|Any CPU
		{6D0BB870-EBB9-4158-9846-FBEA0997B181}.Release|Any CPU.Build.0 = Release|Any CPU
		{5D10BF55-E320-4A0A-B428-92ABA75B1B21}.Debug|Any CPU.ActiveCfg = Debug|Any CPU
		{5D10BF55-E320-4A0A-B428-92ABA75B1B21}.Debug|Any CPU.Build.0 = Debug|Any CPU
		{5D10BF55-E320-4A0A-B428-92ABA75B1B21}.Release|Any CPU.ActiveCfg = Release|Any CPU
		{5D10BF55-E320-4A0A-B428-92ABA75B1B21}.Release|Any CPU.Build.0 = Release|Any CPU
		{248AA3E8-200D-463E-A206-D4667D0CD21B}.Debug|Any CPU.ActiveCfg = Debug|Any CPU
		{248AA3E8-200D-463E-A206-D4667D0CD21B}.Debug|Any CPU.Build.0 = Debug|Any CPU
		{248AA3E8-200D-463E-A206-D4667D0CD21B}.Release|Any CPU.ActiveCfg = Release|Any CPU
		{248AA3E8-200D-463E-A206-D4667D0CD21B}.Release|Any CPU.Build.0 = Release|Any CPU
		{5E081E9E-DCA3-4E54-ADB1-3FF55CFD75FA}.Debug|Any CPU.ActiveCfg = Debug|Any CPU
		{5E081E9E-DCA3-4E54-ADB1-3FF55CFD75FA}.Debug|Any CPU.Build.0 = Debug|Any CPU
		{5E081E9E-DCA3-4E54-ADB1-3FF55CFD75FA}.Release|Any CPU.ActiveCfg = Release|Any CPU
		{5E081E9E-DCA3-4E54-ADB1-3FF55CFD75FA}.Release|Any CPU.Build.0 = Release|Any CPU
		{F26EF7DB-23D9-4CC1-9EF3-00CF38DBE393}.Debug|Any CPU.ActiveCfg = Debug|Any CPU
		{F26EF7DB-23D9-4CC1-9EF3-00CF38DBE393}.Debug|Any CPU.Build.0 = Debug|Any CPU
		{F26EF7DB-23D9-4CC1-9EF3-00CF38DBE393}.Release|Any CPU.ActiveCfg = Release|Any CPU
		{F26EF7DB-23D9-4CC1-9EF3-00CF38DBE393}.Release|Any CPU.Build.0 = Release|Any CPU
		{B55B2935-9AAD-4450-8F9F-C057D39C3FF0}.Debug|Any CPU.ActiveCfg = Debug|Any CPU
		{B55B2935-9AAD-4450-8F9F-C057D39C3FF0}.Debug|Any CPU.Build.0 = Debug|Any CPU
		{B55B2935-9AAD-4450-8F9F-C057D39C3FF0}.Release|Any CPU.ActiveCfg = Release|Any CPU
		{B55B2935-9AAD-4450-8F9F-C057D39C3FF0}.Release|Any CPU.Build.0 = Release|Any CPU
		{8FDC9D21-DF5E-47DE-89F2-17336BD7C048}.Debug|Any CPU.ActiveCfg = Debug|Any CPU
		{8FDC9D21-DF5E-47DE-89F2-17336BD7C048}.Debug|Any CPU.Build.0 = Debug|Any CPU
		{8FDC9D21-DF5E-47DE-89F2-17336BD7C048}.Release|Any CPU.ActiveCfg = Release|Any CPU
		{8FDC9D21-DF5E-47DE-89F2-17336BD7C048}.Release|Any CPU.Build.0 = Release|Any CPU
		{8620ED6F-F970-40F7-9FD8-620B4179F680}.Debug|Any CPU.ActiveCfg = Debug|Any CPU
		{8620ED6F-F970-40F7-9FD8-620B4179F680}.Debug|Any CPU.Build.0 = Debug|Any CPU
		{8620ED6F-F970-40F7-9FD8-620B4179F680}.Release|Any CPU.ActiveCfg = Release|Any CPU
		{8620ED6F-F970-40F7-9FD8-620B4179F680}.Release|Any CPU.Build.0 = Release|Any CPU
		{85770988-F7AE-4812-A845-EB69EE3ECB56}.Debug|Any CPU.ActiveCfg = Debug|Any CPU
		{85770988-F7AE-4812-A845-EB69EE3ECB56}.Debug|Any CPU.Build.0 = Debug|Any CPU
		{85770988-F7AE-4812-A845-EB69EE3ECB56}.Release|Any CPU.ActiveCfg = Release|Any CPU
		{85770988-F7AE-4812-A845-EB69EE3ECB56}.Release|Any CPU.Build.0 = Release|Any CPU
		{443F8B04-AD40-46BB-9748-AF4EED74D042}.Debug|Any CPU.ActiveCfg = Debug|Any CPU
		{443F8B04-AD40-46BB-9748-AF4EED74D042}.Debug|Any CPU.Build.0 = Debug|Any CPU
		{443F8B04-AD40-46BB-9748-AF4EED74D042}.Release|Any CPU.ActiveCfg = Release|Any CPU
		{443F8B04-AD40-46BB-9748-AF4EED74D042}.Release|Any CPU.Build.0 = Release|Any CPU
		{AEF7D836-D93B-423D-BC48-C77C2A174A76}.Debug|Any CPU.ActiveCfg = Debug|Any CPU
		{AEF7D836-D93B-423D-BC48-C77C2A174A76}.Debug|Any CPU.Build.0 = Debug|Any CPU
		{AEF7D836-D93B-423D-BC48-C77C2A174A76}.Release|Any CPU.ActiveCfg = Release|Any CPU
		{AEF7D836-D93B-423D-BC48-C77C2A174A76}.Release|Any CPU.Build.0 = Release|Any CPU
		{A61032EA-3EEE-4445-B599-F7D2871BC43F}.Debug|Any CPU.ActiveCfg = Debug|Any CPU
		{A61032EA-3EEE-4445-B599-F7D2871BC43F}.Debug|Any CPU.Build.0 = Debug|Any CPU
		{A61032EA-3EEE-4445-B599-F7D2871BC43F}.Release|Any CPU.ActiveCfg = Release|Any CPU
		{A61032EA-3EEE-4445-B599-F7D2871BC43F}.Release|Any CPU.Build.0 = Release|Any CPU
		{5E726746-4653-42A2-BA23-01578016C01F}.Debug|Any CPU.ActiveCfg = Debug|Any CPU
		{5E726746-4653-42A2-BA23-01578016C01F}.Debug|Any CPU.Build.0 = Debug|Any CPU
		{5E726746-4653-42A2-BA23-01578016C01F}.Release|Any CPU.ActiveCfg = Release|Any CPU
		{5E726746-4653-42A2-BA23-01578016C01F}.Release|Any CPU.Build.0 = Release|Any CPU
		{030328EF-0D39-4A3B-82EB-41CC41BEE1E6}.Debug|Any CPU.ActiveCfg = Debug|Any CPU
		{030328EF-0D39-4A3B-82EB-41CC41BEE1E6}.Debug|Any CPU.Build.0 = Debug|Any CPU
		{030328EF-0D39-4A3B-82EB-41CC41BEE1E6}.Release|Any CPU.ActiveCfg = Release|Any CPU
		{030328EF-0D39-4A3B-82EB-41CC41BEE1E6}.Release|Any CPU.Build.0 = Release|Any CPU
		{1714A8A4-161F-4DD1-8838-CE2DF7C38255}.Debug|Any CPU.ActiveCfg = Debug|Any CPU
		{1714A8A4-161F-4DD1-8838-CE2DF7C38255}.Debug|Any CPU.Build.0 = Debug|Any CPU
		{1714A8A4-161F-4DD1-8838-CE2DF7C38255}.Release|Any CPU.ActiveCfg = Release|Any CPU
		{1714A8A4-161F-4DD1-8838-CE2DF7C38255}.Release|Any CPU.Build.0 = Release|Any CPU
		{E2C549A2-992C-4FA1-9211-30BFC6C7C357}.Debug|Any CPU.ActiveCfg = Debug|Any CPU
		{E2C549A2-992C-4FA1-9211-30BFC6C7C357}.Debug|Any CPU.Build.0 = Debug|Any CPU
		{E2C549A2-992C-4FA1-9211-30BFC6C7C357}.Release|Any CPU.ActiveCfg = Release|Any CPU
		{E2C549A2-992C-4FA1-9211-30BFC6C7C357}.Release|Any CPU.Build.0 = Release|Any CPU
		{1C005168-F71A-4CB0-8A54-006037309EB1}.Debug|Any CPU.ActiveCfg = Debug|Any CPU
		{1C005168-F71A-4CB0-8A54-006037309EB1}.Debug|Any CPU.Build.0 = Debug|Any CPU
		{1C005168-F71A-4CB0-8A54-006037309EB1}.Release|Any CPU.ActiveCfg = Release|Any CPU
		{1C005168-F71A-4CB0-8A54-006037309EB1}.Release|Any CPU.Build.0 = Release|Any CPU
		{B5D26E99-4C94-477E-8FA4-D1FBCFA12BF3}.Debug|Any CPU.ActiveCfg = Debug|Any CPU
		{B5D26E99-4C94-477E-8FA4-D1FBCFA12BF3}.Debug|Any CPU.Build.0 = Debug|Any CPU
		{B5D26E99-4C94-477E-8FA4-D1FBCFA12BF3}.Release|Any CPU.ActiveCfg = Release|Any CPU
		{B5D26E99-4C94-477E-8FA4-D1FBCFA12BF3}.Release|Any CPU.Build.0 = Release|Any CPU
		{4C0C147E-E3C1-44E3-B3E2-9FB3CDB4753D}.Debug|Any CPU.ActiveCfg = Debug|Any CPU
		{4C0C147E-E3C1-44E3-B3E2-9FB3CDB4753D}.Debug|Any CPU.Build.0 = Debug|Any CPU
		{4C0C147E-E3C1-44E3-B3E2-9FB3CDB4753D}.Release|Any CPU.ActiveCfg = Release|Any CPU
		{4C0C147E-E3C1-44E3-B3E2-9FB3CDB4753D}.Release|Any CPU.Build.0 = Release|Any CPU
		{628FA257-D40F-4F62-BE5E-55076BD8D720}.Debug|Any CPU.ActiveCfg = Debug|Any CPU
		{628FA257-D40F-4F62-BE5E-55076BD8D720}.Debug|Any CPU.Build.0 = Debug|Any CPU
		{628FA257-D40F-4F62-BE5E-55076BD8D720}.Release|Any CPU.ActiveCfg = Release|Any CPU
		{628FA257-D40F-4F62-BE5E-55076BD8D720}.Release|Any CPU.Build.0 = Release|Any CPU
		{ADFF44D7-D57B-4442-A984-07104922B4D3}.Debug|Any CPU.ActiveCfg = Debug|Any CPU
		{ADFF44D7-D57B-4442-A984-07104922B4D3}.Debug|Any CPU.Build.0 = Debug|Any CPU
		{ADFF44D7-D57B-4442-A984-07104922B4D3}.Release|Any CPU.ActiveCfg = Release|Any CPU
		{ADFF44D7-D57B-4442-A984-07104922B4D3}.Release|Any CPU.Build.0 = Release|Any CPU
		{09DA1663-1D4D-4B1C-82E9-0D3DE4897682}.Debug|Any CPU.ActiveCfg = Debug|Any CPU
		{09DA1663-1D4D-4B1C-82E9-0D3DE4897682}.Debug|Any CPU.Build.0 = Debug|Any CPU
		{09DA1663-1D4D-4B1C-82E9-0D3DE4897682}.Release|Any CPU.ActiveCfg = Release|Any CPU
		{09DA1663-1D4D-4B1C-82E9-0D3DE4897682}.Release|Any CPU.Build.0 = Release|Any CPU
		{174B67AF-9C0D-4CB1-8814-1210DB79D588}.Debug|Any CPU.ActiveCfg = Debug|Any CPU
		{174B67AF-9C0D-4CB1-8814-1210DB79D588}.Debug|Any CPU.Build.0 = Debug|Any CPU
		{174B67AF-9C0D-4CB1-8814-1210DB79D588}.Release|Any CPU.ActiveCfg = Release|Any CPU
		{174B67AF-9C0D-4CB1-8814-1210DB79D588}.Release|Any CPU.Build.0 = Release|Any CPU
		{164C432D-4185-4616-9D35-485AB590B608}.Debug|Any CPU.ActiveCfg = Debug|Any CPU
		{164C432D-4185-4616-9D35-485AB590B608}.Debug|Any CPU.Build.0 = Debug|Any CPU
		{164C432D-4185-4616-9D35-485AB590B608}.Release|Any CPU.ActiveCfg = Release|Any CPU
		{164C432D-4185-4616-9D35-485AB590B608}.Release|Any CPU.Build.0 = Release|Any CPU
		{02EEA4A1-301E-4067-A700-4F52F47EB916}.Debug|Any CPU.ActiveCfg = Debug|Any CPU
		{02EEA4A1-301E-4067-A700-4F52F47EB916}.Debug|Any CPU.Build.0 = Debug|Any CPU
		{02EEA4A1-301E-4067-A700-4F52F47EB916}.Release|Any CPU.ActiveCfg = Release|Any CPU
		{02EEA4A1-301E-4067-A700-4F52F47EB916}.Release|Any CPU.Build.0 = Release|Any CPU
	EndGlobalSection
	GlobalSection(SolutionProperties) = preSolution
		HideSolutionNode = FALSE
	EndGlobalSection
	GlobalSection(NestedProjects) = preSolution
		{7A1458ED-ADC0-4806-80D9-E66511849466} = {3978AE9D-3A00-4EDE-882E-6F09381177A5}
		{8695CC98-AEEC-42EB-85DA-BC86D20FBD19} = {3978AE9D-3A00-4EDE-882E-6F09381177A5}
		{77A59AD4-A614-4FA8-865D-4FDF7ED16DE8} = {3978AE9D-3A00-4EDE-882E-6F09381177A5}
		{8EE3F51D-B402-4B13-929C-74656CE23522} = {3978AE9D-3A00-4EDE-882E-6F09381177A5}
		{F07B91EB-C011-41A9-A692-0BCC8C66E13D} = {3978AE9D-3A00-4EDE-882E-6F09381177A5}
		{478FFAD7-F687-438D-AEAA-5E870EADB16B} = {3978AE9D-3A00-4EDE-882E-6F09381177A5}
		{742AA2A8-3B1B-48D0-801C-FE9D1822593A} = {3978AE9D-3A00-4EDE-882E-6F09381177A5}
		{84325F09-F0A4-4284-AC40-1AB27524E743} = {3978AE9D-3A00-4EDE-882E-6F09381177A5}
		{B1CEF5C5-4FCA-469C-95DA-7521E0AD0C21} = {3978AE9D-3A00-4EDE-882E-6F09381177A5}
		{565A1B3A-C655-4DF3-9DC1-C03DB9453B9D} = {3978AE9D-3A00-4EDE-882E-6F09381177A5}
		{26E5AF65-8D07-4C9A-BD62-83AEE090EFFF} = {3978AE9D-3A00-4EDE-882E-6F09381177A5}
		{B7CED3B0-0D6E-4C34-81ED-AF02100E8902} = {3978AE9D-3A00-4EDE-882E-6F09381177A5}
		{1CF45D7F-01E9-490E-8CB1-4191A4689359} = {9743007B-ED4B-439A-8540-6D0B01F6BC89}
		{2DFD1B1F-638E-4EE5-AAA1-4F672F544A5C} = {9743007B-ED4B-439A-8540-6D0B01F6BC89}
		{FFAA3EE9-2B98-403E-9E08-49FC3E111CE4} = {9743007B-ED4B-439A-8540-6D0B01F6BC89}
		{FF3A5978-BE49-45C4-8BB0-08626E68A7C9} = {752AA263-813F-4BFA-9092-D5B70F25850B}
		{6D0BB870-EBB9-4158-9846-FBEA0997B181} = {752AA263-813F-4BFA-9092-D5B70F25850B}
		{5D10BF55-E320-4A0A-B428-92ABA75B1B21} = {752AA263-813F-4BFA-9092-D5B70F25850B}
		{5E081E9E-DCA3-4E54-ADB1-3FF55CFD75FA} = {E3F5C902-B4AD-47EE-B27C-AE71C442C613}
		{F26EF7DB-23D9-4CC1-9EF3-00CF38DBE393} = {752AA263-813F-4BFA-9092-D5B70F25850B}
		{B55B2935-9AAD-4450-8F9F-C057D39C3FF0} = {E3F5C902-B4AD-47EE-B27C-AE71C442C613}
		{8FDC9D21-DF5E-47DE-89F2-17336BD7C048} = {E3F5C902-B4AD-47EE-B27C-AE71C442C613}
		{8620ED6F-F970-40F7-9FD8-620B4179F680} = {FB1AC555-4FDA-4E08-B94C-74671ED90402}
		{85770988-F7AE-4812-A845-EB69EE3ECB56} = {FB1AC555-4FDA-4E08-B94C-74671ED90402}
		{443F8B04-AD40-46BB-9748-AF4EED74D042} = {FB1AC555-4FDA-4E08-B94C-74671ED90402}
		{AEF7D836-D93B-423D-BC48-C77C2A174A76} = {FB1AC555-4FDA-4E08-B94C-74671ED90402}
		{A61032EA-3EEE-4445-B599-F7D2871BC43F} = {53320BC8-558B-4B88-B349-7C2E53DCAB44}
		{5E726746-4653-42A2-BA23-01578016C01F} = {53320BC8-558B-4B88-B349-7C2E53DCAB44}
		{030328EF-0D39-4A3B-82EB-41CC41BEE1E6} = {53320BC8-558B-4B88-B349-7C2E53DCAB44}
		{1714A8A4-161F-4DD1-8838-CE2DF7C38255} = {53320BC8-558B-4B88-B349-7C2E53DCAB44}
		{E2C549A2-992C-4FA1-9211-30BFC6C7C357} = {CCE004D3-7FAF-4595-82CA-54743510D1FC}
		{1C005168-F71A-4CB0-8A54-006037309EB1} = {CCE004D3-7FAF-4595-82CA-54743510D1FC}
		{B5D26E99-4C94-477E-8FA4-D1FBCFA12BF3} = {CCE004D3-7FAF-4595-82CA-54743510D1FC}
		{4C0C147E-E3C1-44E3-B3E2-9FB3CDB4753D} = {BD6E73FE-CCDC-45E7-905D-AAC148103DEE}
		{628FA257-D40F-4F62-BE5E-55076BD8D720} = {BD6E73FE-CCDC-45E7-905D-AAC148103DEE}
	EndGlobalSection
	GlobalSection(ExtensibilityGlobals) = postSolution
		SolutionGuid = {D8ED92E0-CA19-4210-9B2B-A3FF7C36BAA7}
	EndGlobalSection
EndGlobal
